// !$*UTF8*$!
{
	archiveVersion = 1;
	classes = {
	};
	objectVersion = 50;
	objects = {

/* Begin PBXBuildFile section */
		A60845B124A2FEC1005F23A9 /* Login.storyboard in Resources */ = {isa = PBXBuildFile; fileRef = A60845AF24A2FEC1005F23A9 /* Login.storyboard */; };
		A60845B724A30019005F23A9 /* SplashViewController.swift in Sources */ = {isa = PBXBuildFile; fileRef = A60845B624A30019005F23A9 /* SplashViewController.swift */; };
		A60845B924A302BA005F23A9 /* WelcomeViewController.swift in Sources */ = {isa = PBXBuildFile; fileRef = A60845B824A302BA005F23A9 /* WelcomeViewController.swift */; };
		A60845BB24A3033D005F23A9 /* SignInViewController.swift in Sources */ = {isa = PBXBuildFile; fileRef = A60845BA24A3033D005F23A9 /* SignInViewController.swift */; };
		A60845BE24A30390005F23A9 /* SignupViewController.swift in Sources */ = {isa = PBXBuildFile; fileRef = A60845BD24A30390005F23A9 /* SignupViewController.swift */; };
		AB13A9DB24A2EF610028731D /* AppDelegate.swift in Sources */ = {isa = PBXBuildFile; fileRef = AB13A9DA24A2EF610028731D /* AppDelegate.swift */; };
		AB13A9DD24A2EF610028731D /* SceneDelegate.swift in Sources */ = {isa = PBXBuildFile; fileRef = AB13A9DC24A2EF610028731D /* SceneDelegate.swift */; };
		AB13A9DF24A2EF610028731D /* ViewController.swift in Sources */ = {isa = PBXBuildFile; fileRef = AB13A9DE24A2EF610028731D /* ViewController.swift */; };
		AB13A9E224A2EF610028731D /* Main.storyboard in Resources */ = {isa = PBXBuildFile; fileRef = AB13A9E024A2EF610028731D /* Main.storyboard */; };
		AB13A9E424A2EF670028731D /* Assets.xcassets in Resources */ = {isa = PBXBuildFile; fileRef = AB13A9E324A2EF670028731D /* Assets.xcassets */; };
		AB13A9E724A2EF670028731D /* LaunchScreen.storyboard in Resources */ = {isa = PBXBuildFile; fileRef = AB13A9E524A2EF670028731D /* LaunchScreen.storyboard */; };
		AB13A9F224A2EF670028731D /* LifeTests.swift in Sources */ = {isa = PBXBuildFile; fileRef = AB13A9F124A2EF670028731D /* LifeTests.swift */; };
		AB13A9FD24A2EF670028731D /* LifeUITests.swift in Sources */ = {isa = PBXBuildFile; fileRef = AB13A9FC24A2EF670028731D /* LifeUITests.swift */; };
/* End PBXBuildFile section */

/* Begin PBXContainerItemProxy section */
		AB13A9EE24A2EF670028731D /* PBXContainerItemProxy */ = {
			isa = PBXContainerItemProxy;
			containerPortal = AB13A9CF24A2EF610028731D /* Project object */;
			proxyType = 1;
			remoteGlobalIDString = AB13A9D624A2EF610028731D;
			remoteInfo = Life;
		};
		AB13A9F924A2EF670028731D /* PBXContainerItemProxy */ = {
			isa = PBXContainerItemProxy;
			containerPortal = AB13A9CF24A2EF610028731D /* Project object */;
			proxyType = 1;
			remoteGlobalIDString = AB13A9D624A2EF610028731D;
			remoteInfo = Life;
		};
/* End PBXContainerItemProxy section */

/* Begin PBXFileReference section */
		A60845B024A2FEC1005F23A9 /* Base */ = {isa = PBXFileReference; lastKnownFileType = file.storyboard; name = Base; path = Base.lproj/Login.storyboard; sourceTree = "<group>"; };
		A60845B624A30019005F23A9 /* SplashViewController.swift */ = {isa = PBXFileReference; lastKnownFileType = sourcecode.swift; path = SplashViewController.swift; sourceTree = "<group>"; };
		A60845B824A302BA005F23A9 /* WelcomeViewController.swift */ = {isa = PBXFileReference; lastKnownFileType = sourcecode.swift; path = WelcomeViewController.swift; sourceTree = "<group>"; };
		A60845BA24A3033D005F23A9 /* SignInViewController.swift */ = {isa = PBXFileReference; lastKnownFileType = sourcecode.swift; path = SignInViewController.swift; sourceTree = "<group>"; };
		A60845BD24A30390005F23A9 /* SignupViewController.swift */ = {isa = PBXFileReference; lastKnownFileType = sourcecode.swift; path = SignupViewController.swift; sourceTree = "<group>"; };
		AB13A9D724A2EF610028731D /* Life.app */ = {isa = PBXFileReference; explicitFileType = wrapper.application; includeInIndex = 0; path = Life.app; sourceTree = BUILT_PRODUCTS_DIR; };
		AB13A9DA24A2EF610028731D /* AppDelegate.swift */ = {isa = PBXFileReference; lastKnownFileType = sourcecode.swift; path = AppDelegate.swift; sourceTree = "<group>"; };
		AB13A9DC24A2EF610028731D /* SceneDelegate.swift */ = {isa = PBXFileReference; lastKnownFileType = sourcecode.swift; path = SceneDelegate.swift; sourceTree = "<group>"; };
		AB13A9DE24A2EF610028731D /* ViewController.swift */ = {isa = PBXFileReference; lastKnownFileType = sourcecode.swift; path = ViewController.swift; sourceTree = "<group>"; };
		AB13A9E124A2EF610028731D /* Base */ = {isa = PBXFileReference; lastKnownFileType = file.storyboard; name = Base; path = Base.lproj/Main.storyboard; sourceTree = "<group>"; };
		AB13A9E324A2EF670028731D /* Assets.xcassets */ = {isa = PBXFileReference; lastKnownFileType = folder.assetcatalog; path = Assets.xcassets; sourceTree = "<group>"; };
		AB13A9E624A2EF670028731D /* Base */ = {isa = PBXFileReference; lastKnownFileType = file.storyboard; name = Base; path = Base.lproj/LaunchScreen.storyboard; sourceTree = "<group>"; };
		AB13A9E824A2EF670028731D /* Info.plist */ = {isa = PBXFileReference; lastKnownFileType = text.plist.xml; path = Info.plist; sourceTree = "<group>"; };
		AB13A9ED24A2EF670028731D /* LifeTests.xctest */ = {isa = PBXFileReference; explicitFileType = wrapper.cfbundle; includeInIndex = 0; path = LifeTests.xctest; sourceTree = BUILT_PRODUCTS_DIR; };
		AB13A9F124A2EF670028731D /* LifeTests.swift */ = {isa = PBXFileReference; lastKnownFileType = sourcecode.swift; path = LifeTests.swift; sourceTree = "<group>"; };
		AB13A9F324A2EF670028731D /* Info.plist */ = {isa = PBXFileReference; lastKnownFileType = text.plist.xml; path = Info.plist; sourceTree = "<group>"; };
		AB13A9F824A2EF670028731D /* LifeUITests.xctest */ = {isa = PBXFileReference; explicitFileType = wrapper.cfbundle; includeInIndex = 0; path = LifeUITests.xctest; sourceTree = BUILT_PRODUCTS_DIR; };
		AB13A9FC24A2EF670028731D /* LifeUITests.swift */ = {isa = PBXFileReference; lastKnownFileType = sourcecode.swift; path = LifeUITests.swift; sourceTree = "<group>"; };
		AB13A9FE24A2EF670028731D /* Info.plist */ = {isa = PBXFileReference; lastKnownFileType = text.plist.xml; path = Info.plist; sourceTree = "<group>"; };
/* End PBXFileReference section */

/* Begin PBXFrameworksBuildPhase section */
		AB13A9D424A2EF610028731D /* Frameworks */ = {
			isa = PBXFrameworksBuildPhase;
			buildActionMask = 2147483647;
			files = (
			);
			runOnlyForDeploymentPostprocessing = 0;
		};
		AB13A9EA24A2EF670028731D /* Frameworks */ = {
			isa = PBXFrameworksBuildPhase;
			buildActionMask = 2147483647;
			files = (
			);
			runOnlyForDeploymentPostprocessing = 0;
		};
		AB13A9F524A2EF670028731D /* Frameworks */ = {
			isa = PBXFrameworksBuildPhase;
			buildActionMask = 2147483647;
			files = (
			);
			runOnlyForDeploymentPostprocessing = 0;
		};
/* End PBXFrameworksBuildPhase section */

/* Begin PBXGroup section */
		A60845B224A2FF8F005F23A9 /* Controllers */ = {
			isa = PBXGroup;
			children = (
				A60845B324A2FF9C005F23A9 /* Splash */,
				A60845B424A2FFDE005F23A9 /* Welcome */,
				A60845B524A2FFEA005F23A9 /* SignIn */,
				A60845BC24A30366005F23A9 /* Signup */,
			);
			path = Controllers;
			sourceTree = "<group>";
		};
		A60845B324A2FF9C005F23A9 /* Splash */ = {
			isa = PBXGroup;
			children = (
				A60845B624A30019005F23A9 /* SplashViewController.swift */,
			);
			path = Splash;
			sourceTree = "<group>";
		};
		A60845B424A2FFDE005F23A9 /* Welcome */ = {
			isa = PBXGroup;
			children = (
				A60845B824A302BA005F23A9 /* WelcomeViewController.swift */,
			);
			path = Welcome;
			sourceTree = "<group>";
		};
		A60845B524A2FFEA005F23A9 /* SignIn */ = {
			isa = PBXGroup;
			children = (
				A60845BA24A3033D005F23A9 /* SignInViewController.swift */,
			);
			path = SignIn;
			sourceTree = "<group>";
		};
		A60845BC24A30366005F23A9 /* Signup */ = {
			isa = PBXGroup;
			children = (
				A60845BD24A30390005F23A9 /* SignupViewController.swift */,
			);
			path = Signup;
			sourceTree = "<group>";
		};
		AB13A9CE24A2EF610028731D = {
			isa = PBXGroup;
			children = (
				AB13A9D924A2EF610028731D /* Life */,
				AB13A9F024A2EF670028731D /* LifeTests */,
				AB13A9FB24A2EF670028731D /* LifeUITests */,
				AB13A9D824A2EF610028731D /* Products */,
			);
			sourceTree = "<group>";
		};
		AB13A9D824A2EF610028731D /* Products */ = {
			isa = PBXGroup;
			children = (
				AB13A9D724A2EF610028731D /* Life.app */,
				AB13A9ED24A2EF670028731D /* LifeTests.xctest */,
				AB13A9F824A2EF670028731D /* LifeUITests.xctest */,
			);
			name = Products;
			sourceTree = "<group>";
		};
		AB13A9D924A2EF610028731D /* Life */ = {
			isa = PBXGroup;
			children = (
				A60845B224A2FF8F005F23A9 /* Controllers */,
				AB13A9DA24A2EF610028731D /* AppDelegate.swift */,
				AB13A9DC24A2EF610028731D /* SceneDelegate.swift */,
				AB13A9DE24A2EF610028731D /* ViewController.swift */,
				AB13A9E024A2EF610028731D /* Main.storyboard */,
				A60845AF24A2FEC1005F23A9 /* Login.storyboard */,
				AB13A9E324A2EF670028731D /* Assets.xcassets */,
				AB13A9E524A2EF670028731D /* LaunchScreen.storyboard */,
				AB13A9E824A2EF670028731D /* Info.plist */,
			);
			path = Life;
			sourceTree = "<group>";
		};
		AB13A9F024A2EF670028731D /* LifeTests */ = {
			isa = PBXGroup;
			children = (
				AB13A9F124A2EF670028731D /* LifeTests.swift */,
				AB13A9F324A2EF670028731D /* Info.plist */,
			);
			path = LifeTests;
			sourceTree = "<group>";
		};
		AB13A9FB24A2EF670028731D /* LifeUITests */ = {
			isa = PBXGroup;
			children = (
				AB13A9FC24A2EF670028731D /* LifeUITests.swift */,
				AB13A9FE24A2EF670028731D /* Info.plist */,
			);
			path = LifeUITests;
			sourceTree = "<group>";
		};
/* End PBXGroup section */

/* Begin PBXNativeTarget section */
		AB13A9D624A2EF610028731D /* Life */ = {
			isa = PBXNativeTarget;
			buildConfigurationList = AB13AA0124A2EF670028731D /* Build configuration list for PBXNativeTarget "Life" */;
			buildPhases = (
				AB13A9D324A2EF610028731D /* Sources */,
				AB13A9D424A2EF610028731D /* Frameworks */,
				AB13A9D524A2EF610028731D /* Resources */,
			);
			buildRules = (
			);
			dependencies = (
			);
			name = Life;
			productName = Life;
			productReference = AB13A9D724A2EF610028731D /* Life.app */;
			productType = "com.apple.product-type.application";
		};
		AB13A9EC24A2EF670028731D /* LifeTests */ = {
			isa = PBXNativeTarget;
			buildConfigurationList = AB13AA0424A2EF670028731D /* Build configuration list for PBXNativeTarget "LifeTests" */;
			buildPhases = (
				AB13A9E924A2EF670028731D /* Sources */,
				AB13A9EA24A2EF670028731D /* Frameworks */,
				AB13A9EB24A2EF670028731D /* Resources */,
			);
			buildRules = (
			);
			dependencies = (
				AB13A9EF24A2EF670028731D /* PBXTargetDependency */,
			);
			name = LifeTests;
			productName = LifeTests;
			productReference = AB13A9ED24A2EF670028731D /* LifeTests.xctest */;
			productType = "com.apple.product-type.bundle.unit-test";
		};
		AB13A9F724A2EF670028731D /* LifeUITests */ = {
			isa = PBXNativeTarget;
			buildConfigurationList = AB13AA0724A2EF670028731D /* Build configuration list for PBXNativeTarget "LifeUITests" */;
			buildPhases = (
				AB13A9F424A2EF670028731D /* Sources */,
				AB13A9F524A2EF670028731D /* Frameworks */,
				AB13A9F624A2EF670028731D /* Resources */,
			);
			buildRules = (
			);
			dependencies = (
				AB13A9FA24A2EF670028731D /* PBXTargetDependency */,
			);
			name = LifeUITests;
			productName = LifeUITests;
			productReference = AB13A9F824A2EF670028731D /* LifeUITests.xctest */;
			productType = "com.apple.product-type.bundle.ui-testing";
		};
/* End PBXNativeTarget section */

/* Begin PBXProject section */
		AB13A9CF24A2EF610028731D /* Project object */ = {
			isa = PBXProject;
			attributes = {
				LastSwiftUpdateCheck = 1140;
				LastUpgradeCheck = 1140;
				ORGANIZATIONNAME = "Yun Li";
				TargetAttributes = {
					AB13A9D624A2EF610028731D = {
						CreatedOnToolsVersion = 11.4.1;
					};
					AB13A9EC24A2EF670028731D = {
						CreatedOnToolsVersion = 11.4.1;
						TestTargetID = AB13A9D624A2EF610028731D;
					};
					AB13A9F724A2EF670028731D = {
						CreatedOnToolsVersion = 11.4.1;
						TestTargetID = AB13A9D624A2EF610028731D;
					};
				};
			};
			buildConfigurationList = AB13A9D224A2EF610028731D /* Build configuration list for PBXProject "Life" */;
			compatibilityVersion = "Xcode 9.3";
			developmentRegion = en;
			hasScannedForEncodings = 0;
			knownRegions = (
				en,
				Base,
			);
			mainGroup = AB13A9CE24A2EF610028731D;
			productRefGroup = AB13A9D824A2EF610028731D /* Products */;
			projectDirPath = "";
			projectRoot = "";
			targets = (
				AB13A9D624A2EF610028731D /* Life */,
				AB13A9EC24A2EF670028731D /* LifeTests */,
				AB13A9F724A2EF670028731D /* LifeUITests */,
			);
		};
/* End PBXProject section */

/* Begin PBXResourcesBuildPhase section */
		AB13A9D524A2EF610028731D /* Resources */ = {
			isa = PBXResourcesBuildPhase;
			buildActionMask = 2147483647;
			files = (
				A60845B124A2FEC1005F23A9 /* Login.storyboard in Resources */,
				AB13A9E724A2EF670028731D /* LaunchScreen.storyboard in Resources */,
				AB13A9E424A2EF670028731D /* Assets.xcassets in Resources */,
				AB13A9E224A2EF610028731D /* Main.storyboard in Resources */,
			);
			runOnlyForDeploymentPostprocessing = 0;
		};
		AB13A9EB24A2EF670028731D /* Resources */ = {
			isa = PBXResourcesBuildPhase;
			buildActionMask = 2147483647;
			files = (
			);
			runOnlyForDeploymentPostprocessing = 0;
		};
		AB13A9F624A2EF670028731D /* Resources */ = {
			isa = PBXResourcesBuildPhase;
			buildActionMask = 2147483647;
			files = (
			);
			runOnlyForDeploymentPostprocessing = 0;
		};
/* End PBXResourcesBuildPhase section */

/* Begin PBXSourcesBuildPhase section */
		AB13A9D324A2EF610028731D /* Sources */ = {
			isa = PBXSourcesBuildPhase;
			buildActionMask = 2147483647;
			files = (
				AB13A9DF24A2EF610028731D /* ViewController.swift in Sources */,
				A60845BE24A30390005F23A9 /* SignupViewController.swift in Sources */,
				AB13A9DB24A2EF610028731D /* AppDelegate.swift in Sources */,
				A60845BB24A3033D005F23A9 /* SignInViewController.swift in Sources */,
				AB13A9DD24A2EF610028731D /* SceneDelegate.swift in Sources */,
				A60845B924A302BA005F23A9 /* WelcomeViewController.swift in Sources */,
				A60845B724A30019005F23A9 /* SplashViewController.swift in Sources */,
			);
			runOnlyForDeploymentPostprocessing = 0;
		};
		AB13A9E924A2EF670028731D /* Sources */ = {
			isa = PBXSourcesBuildPhase;
			buildActionMask = 2147483647;
			files = (
				AB13A9F224A2EF670028731D /* LifeTests.swift in Sources */,
			);
			runOnlyForDeploymentPostprocessing = 0;
		};
		AB13A9F424A2EF670028731D /* Sources */ = {
			isa = PBXSourcesBuildPhase;
			buildActionMask = 2147483647;
			files = (
				AB13A9FD24A2EF670028731D /* LifeUITests.swift in Sources */,
			);
			runOnlyForDeploymentPostprocessing = 0;
		};
/* End PBXSourcesBuildPhase section */

/* Begin PBXTargetDependency section */
		AB13A9EF24A2EF670028731D /* PBXTargetDependency */ = {
			isa = PBXTargetDependency;
			target = AB13A9D624A2EF610028731D /* Life */;
			targetProxy = AB13A9EE24A2EF670028731D /* PBXContainerItemProxy */;
		};
		AB13A9FA24A2EF670028731D /* PBXTargetDependency */ = {
			isa = PBXTargetDependency;
			target = AB13A9D624A2EF610028731D /* Life */;
			targetProxy = AB13A9F924A2EF670028731D /* PBXContainerItemProxy */;
		};
/* End PBXTargetDependency section */

/* Begin PBXVariantGroup section */
		A60845AF24A2FEC1005F23A9 /* Login.storyboard */ = {
			isa = PBXVariantGroup;
			children = (
				A60845B024A2FEC1005F23A9 /* Base */,
			);
			name = Login.storyboard;
			sourceTree = "<group>";
		};
		AB13A9E024A2EF610028731D /* Main.storyboard */ = {
			isa = PBXVariantGroup;
			children = (
				AB13A9E124A2EF610028731D /* Base */,
			);
			name = Main.storyboard;
			sourceTree = "<group>";
		};
		AB13A9E524A2EF670028731D /* LaunchScreen.storyboard */ = {
			isa = PBXVariantGroup;
			children = (
				AB13A9E624A2EF670028731D /* Base */,
			);
			name = LaunchScreen.storyboard;
			sourceTree = "<group>";
		};
/* End PBXVariantGroup section */

/* Begin XCBuildConfiguration section */
		AB13A9FF24A2EF670028731D /* Debug */ = {
			isa = XCBuildConfiguration;
			buildSettings = {
				ALWAYS_SEARCH_USER_PATHS = NO;
				CLANG_ANALYZER_NONNULL = YES;
				CLANG_ANALYZER_NUMBER_OBJECT_CONVERSION = YES_AGGRESSIVE;
				CLANG_CXX_LANGUAGE_STANDARD = "gnu++14";
				CLANG_CXX_LIBRARY = "libc++";
				CLANG_ENABLE_MODULES = YES;
				CLANG_ENABLE_OBJC_ARC = YES;
				CLANG_ENABLE_OBJC_WEAK = YES;
				CLANG_WARN_BLOCK_CAPTURE_AUTORELEASING = YES;
				CLANG_WARN_BOOL_CONVERSION = YES;
				CLANG_WARN_COMMA = YES;
				CLANG_WARN_CONSTANT_CONVERSION = YES;
				CLANG_WARN_DEPRECATED_OBJC_IMPLEMENTATIONS = YES;
				CLANG_WARN_DIRECT_OBJC_ISA_USAGE = YES_ERROR;
				CLANG_WARN_DOCUMENTATION_COMMENTS = YES;
				CLANG_WARN_EMPTY_BODY = YES;
				CLANG_WARN_ENUM_CONVERSION = YES;
				CLANG_WARN_INFINITE_RECURSION = YES;
				CLANG_WARN_INT_CONVERSION = YES;
				CLANG_WARN_NON_LITERAL_NULL_CONVERSION = YES;
				CLANG_WARN_OBJC_IMPLICIT_RETAIN_SELF = YES;
				CLANG_WARN_OBJC_LITERAL_CONVERSION = YES;
				CLANG_WARN_OBJC_ROOT_CLASS = YES_ERROR;
				CLANG_WARN_RANGE_LOOP_ANALYSIS = YES;
				CLANG_WARN_STRICT_PROTOTYPES = YES;
				CLANG_WARN_SUSPICIOUS_MOVE = YES;
				CLANG_WARN_UNGUARDED_AVAILABILITY = YES_AGGRESSIVE;
				CLANG_WARN_UNREACHABLE_CODE = YES;
				CLANG_WARN__DUPLICATE_METHOD_MATCH = YES;
				COPY_PHASE_STRIP = NO;
				DEBUG_INFORMATION_FORMAT = dwarf;
				ENABLE_STRICT_OBJC_MSGSEND = YES;
				ENABLE_TESTABILITY = YES;
				GCC_C_LANGUAGE_STANDARD = gnu11;
				GCC_DYNAMIC_NO_PIC = NO;
				GCC_NO_COMMON_BLOCKS = YES;
				GCC_OPTIMIZATION_LEVEL = 0;
				GCC_PREPROCESSOR_DEFINITIONS = (
					"DEBUG=1",
					"$(inherited)",
				);
				GCC_WARN_64_TO_32_BIT_CONVERSION = YES;
				GCC_WARN_ABOUT_RETURN_TYPE = YES_ERROR;
				GCC_WARN_UNDECLARED_SELECTOR = YES;
				GCC_WARN_UNINITIALIZED_AUTOS = YES_AGGRESSIVE;
				GCC_WARN_UNUSED_FUNCTION = YES;
				GCC_WARN_UNUSED_VARIABLE = YES;
				IPHONEOS_DEPLOYMENT_TARGET = 13.2;
				MTL_ENABLE_DEBUG_INFO = INCLUDE_SOURCE;
				MTL_FAST_MATH = YES;
				ONLY_ACTIVE_ARCH = YES;
				SDKROOT = iphoneos;
				SWIFT_ACTIVE_COMPILATION_CONDITIONS = DEBUG;
				SWIFT_OPTIMIZATION_LEVEL = "-Onone";
			};
			name = Debug;
		};
		AB13AA0024A2EF670028731D /* Release */ = {
			isa = XCBuildConfiguration;
			buildSettings = {
				ALWAYS_SEARCH_USER_PATHS = NO;
				CLANG_ANALYZER_NONNULL = YES;
				CLANG_ANALYZER_NUMBER_OBJECT_CONVERSION = YES_AGGRESSIVE;
				CLANG_CXX_LANGUAGE_STANDARD = "gnu++14";
				CLANG_CXX_LIBRARY = "libc++";
				CLANG_ENABLE_MODULES = YES;
				CLANG_ENABLE_OBJC_ARC = YES;
				CLANG_ENABLE_OBJC_WEAK = YES;
				CLANG_WARN_BLOCK_CAPTURE_AUTORELEASING = YES;
				CLANG_WARN_BOOL_CONVERSION = YES;
				CLANG_WARN_COMMA = YES;
				CLANG_WARN_CONSTANT_CONVERSION = YES;
				CLANG_WARN_DEPRECATED_OBJC_IMPLEMENTATIONS = YES;
				CLANG_WARN_DIRECT_OBJC_ISA_USAGE = YES_ERROR;
				CLANG_WARN_DOCUMENTATION_COMMENTS = YES;
				CLANG_WARN_EMPTY_BODY = YES;
				CLANG_WARN_ENUM_CONVERSION = YES;
				CLANG_WARN_INFINITE_RECURSION = YES;
				CLANG_WARN_INT_CONVERSION = YES;
				CLANG_WARN_NON_LITERAL_NULL_CONVERSION = YES;
				CLANG_WARN_OBJC_IMPLICIT_RETAIN_SELF = YES;
				CLANG_WARN_OBJC_LITERAL_CONVERSION = YES;
				CLANG_WARN_OBJC_ROOT_CLASS = YES_ERROR;
				CLANG_WARN_RANGE_LOOP_ANALYSIS = YES;
				CLANG_WARN_STRICT_PROTOTYPES = YES;
				CLANG_WARN_SUSPICIOUS_MOVE = YES;
				CLANG_WARN_UNGUARDED_AVAILABILITY = YES_AGGRESSIVE;
				CLANG_WARN_UNREACHABLE_CODE = YES;
				CLANG_WARN__DUPLICATE_METHOD_MATCH = YES;
				COPY_PHASE_STRIP = NO;
				DEBUG_INFORMATION_FORMAT = "dwarf-with-dsym";
				ENABLE_NS_ASSERTIONS = NO;
				ENABLE_STRICT_OBJC_MSGSEND = YES;
				GCC_C_LANGUAGE_STANDARD = gnu11;
				GCC_NO_COMMON_BLOCKS = YES;
				GCC_WARN_64_TO_32_BIT_CONVERSION = YES;
				GCC_WARN_ABOUT_RETURN_TYPE = YES_ERROR;
				GCC_WARN_UNDECLARED_SELECTOR = YES;
				GCC_WARN_UNINITIALIZED_AUTOS = YES_AGGRESSIVE;
				GCC_WARN_UNUSED_FUNCTION = YES;
				GCC_WARN_UNUSED_VARIABLE = YES;
				IPHONEOS_DEPLOYMENT_TARGET = 13.2;
				MTL_ENABLE_DEBUG_INFO = NO;
				MTL_FAST_MATH = YES;
				SDKROOT = iphoneos;
				SWIFT_COMPILATION_MODE = wholemodule;
				SWIFT_OPTIMIZATION_LEVEL = "-O";
				VALIDATE_PRODUCT = YES;
			};
			name = Release;
		};
		AB13AA0224A2EF670028731D /* Debug */ = {
			isa = XCBuildConfiguration;
			buildSettings = {
				ASSETCATALOG_COMPILER_APPICON_NAME = AppIcon;
				CODE_SIGN_STYLE = Automatic;
				INFOPLIST_FILE = Life/Info.plist;
				LD_RUNPATH_SEARCH_PATHS = (
					"$(inherited)",
					"@executable_path/Frameworks",
				);
				PRODUCT_BUNDLE_IDENTIFIER = "life-zed.com";
				PRODUCT_NAME = "$(TARGET_NAME)";
				SWIFT_VERSION = 5.0;
				TARGETED_DEVICE_FAMILY = "1,2";
			};
			name = Debug;
		};
		AB13AA0324A2EF670028731D /* Release */ = {
			isa = XCBuildConfiguration;
			buildSettings = {
				ASSETCATALOG_COMPILER_APPICON_NAME = AppIcon;
				CODE_SIGN_STYLE = Automatic;
				INFOPLIST_FILE = Life/Info.plist;
				LD_RUNPATH_SEARCH_PATHS = (
					"$(inherited)",
					"@executable_path/Frameworks",
				);
				PRODUCT_BUNDLE_IDENTIFIER = "life-zed.com";
				PRODUCT_NAME = "$(TARGET_NAME)";
				SWIFT_VERSION = 5.0;
				TARGETED_DEVICE_FAMILY = "1,2";
			};
			name = Release;
		};
		AB13AA0524A2EF670028731D /* Debug */ = {
			isa = XCBuildConfiguration;
			buildSettings = {
				ALWAYS_EMBED_SWIFT_STANDARD_LIBRARIES = YES;
				BUNDLE_LOADER = "$(TEST_HOST)";
				CODE_SIGN_STYLE = Automatic;
				INFOPLIST_FILE = LifeTests/Info.plist;
				IPHONEOS_DEPLOYMENT_TARGET = 13.4;
				LD_RUNPATH_SEARCH_PATHS = (
					"$(inherited)",
					"@executable_path/Frameworks",
					"@loader_path/Frameworks",
				);
				PRODUCT_BUNDLE_IDENTIFIER = com.zed.LifeTests;
				PRODUCT_NAME = "$(TARGET_NAME)";
				SWIFT_VERSION = 5.0;
				TARGETED_DEVICE_FAMILY = "1,2";
				TEST_HOST = "$(BUILT_PRODUCTS_DIR)/Life.app/Life";
			};
			name = Debug;
		};
		AB13AA0624A2EF670028731D /* Release */ = {
			isa = XCBuildConfiguration;
			buildSettings = {
				ALWAYS_EMBED_SWIFT_STANDARD_LIBRARIES = YES;
				BUNDLE_LOADER = "$(TEST_HOST)";
				CODE_SIGN_STYLE = Automatic;
				INFOPLIST_FILE = LifeTests/Info.plist;
				IPHONEOS_DEPLOYMENT_TARGET = 13.4;
				LD_RUNPATH_SEARCH_PATHS = (
					"$(inherited)",
					"@executable_path/Frameworks",
					"@loader_path/Frameworks",
				);
				PRODUCT_BUNDLE_IDENTIFIER = com.zed.LifeTests;
				PRODUCT_NAME = "$(TARGET_NAME)";
				SWIFT_VERSION = 5.0;
				TARGETED_DEVICE_FAMILY = "1,2";
				TEST_HOST = "$(BUILT_PRODUCTS_DIR)/Life.app/Life";
			};
			name = Release;
		};
		AB13AA0824A2EF670028731D /* Debug */ = {
			isa = XCBuildConfiguration;
			buildSettings = {
				ALWAYS_EMBED_SWIFT_STANDARD_LIBRARIES = YES;
				CODE_SIGN_STYLE = Automatic;
				INFOPLIST_FILE = LifeUITests/Info.plist;
				LD_RUNPATH_SEARCH_PATHS = (
					"$(inherited)",
					"@executable_path/Frameworks",
					"@loader_path/Frameworks",
				);
				PRODUCT_BUNDLE_IDENTIFIER = com.zed.LifeUITests;
				PRODUCT_NAME = "$(TARGET_NAME)";
				SWIFT_VERSION = 5.0;
				TARGETED_DEVICE_FAMILY = "1,2";
				TEST_TARGET_NAME = Life;
			};
			name = Debug;
		};
		AB13AA0924A2EF670028731D /* Release */ = {
			isa = XCBuildConfiguration;
			buildSettings = {
				ALWAYS_EMBED_SWIFT_STANDARD_LIBRARIES = YES;
				CODE_SIGN_STYLE = Automatic;
				INFOPLIST_FILE = LifeUITests/Info.plist;
				LD_RUNPATH_SEARCH_PATHS = (
					"$(inherited)",
					"@executable_path/Frameworks",
					"@loader_path/Frameworks",
				);
				PRODUCT_BUNDLE_IDENTIFIER = com.zed.LifeUITests;
				PRODUCT_NAME = "$(TARGET_NAME)";
				SWIFT_VERSION = 5.0;
				TARGETED_DEVICE_FAMILY = "1,2";
				TEST_TARGET_NAME = Life;
			};
			name = Release;
		};
/* End XCBuildConfiguration section */

/* Begin XCConfigurationList section */
		AB13A9D224A2EF610028731D /* Build configuration list for PBXProject "Life" */ = {
			isa = XCConfigurationList;
			buildConfigurations = (
				AB13A9FF24A2EF670028731D /* Debug */,
				AB13AA0024A2EF670028731D /* Release */,
			);
			defaultConfigurationIsVisible = 0;
			defaultConfigurationName = Release;
		};
		AB13AA0124A2EF670028731D /* Build configuration list for PBXNativeTarget "Life" */ = {
			isa = XCConfigurationList;
			buildConfigurations = (
				AB13AA0224A2EF670028731D /* Debug */,
				AB13AA0324A2EF670028731D /* Release */,
			);
			defaultConfigurationIsVisible = 0;
			defaultConfigurationName = Release;
		};
		AB13AA0424A2EF670028731D /* Build configuration list for PBXNativeTarget "LifeTests" */ = {
			isa = XCConfigurationList;
			buildConfigurations = (
				AB13AA0524A2EF670028731D /* Debug */,
				AB13AA0624A2EF670028731D /* Release */,
			);
			defaultConfigurationIsVisible = 0;
			defaultConfigurationName = Release;
		};
		AB13AA0724A2EF670028731D /* Build configuration list for PBXNativeTarget "LifeUITests" */ = {
			isa = XCConfigurationList;
			buildConfigurations = (
				AB13AA0824A2EF670028731D /* Debug */,
				AB13AA0924A2EF670028731D /* Release */,
			);
			defaultConfigurationIsVisible = 0;
			defaultConfigurationName = Release;
		};
/* End XCConfigurationList section */
	};
	rootObject = AB13A9CF24A2EF610028731D /* Project object */;
}
